
Microsoft Visual Studio Solution File, Format Version 12.00
# Visual Studio Version 16
VisualStudioVersion = 16.0.29009.5
MinimumVisualStudioVersion = 10.0.40219.1
Project("{FAE04EC0-301F-11D3-BF4B-00C04F79EFBC}") = "IoC", "IoC\IoC.csproj", "{5E58910F-08C9-4086-89A6-2640453CE557}"
EndProject
Project("{FAE04EC0-301F-11D3-BF4B-00C04F79EFBC}") = "IoC.Tests", "IoC.Tests\IoC.Tests.csproj", "{812D5B17-95BD-44AA-8E57-1F09A35CF783}"
EndProject
Global
	GlobalSection(SolutionConfigurationPlatforms) = preSolution
		Debug|Any CPU = Debug|Any CPU
		Release|Any CPU = Release|Any CPU
	EndGlobalSection
	GlobalSection(ProjectConfigurationPlatforms) = postSolution
		{5E58910F-08C9-4086-89A6-2640453CE557}.Debug|Any CPU.ActiveCfg = Debug|Any CPU
		{5E58910F-08C9-4086-89A6-2640453CE557}.Debug|Any CPU.Build.0 = Debug|Any CPU
		{5E58910F-08C9-4086-89A6-2640453CE557}.Release|Any CPU.ActiveCfg = Release|Any CPU
		{5E58910F-08C9-4086-89A6-2640453CE557}.Release|Any CPU.Build.0 = Release|Any CPU
		{812D5B17-95BD-44AA-8E57-1F09A35CF783}.Debug|Any CPU.ActiveCfg = Debug|Any CPU
		{812D5B17-95BD-44AA-8E57-1F09A35CF783}.Debug|Any CPU.Build.0 = Debug|Any CPU
		{812D5B17-95BD-44AA-8E57-1F09A35CF783}.Release|Any CPU.ActiveCfg = Release|Any CPU
		{812D5B17-95BD-44AA-8E57-1F09A35CF783}.Release|Any CPU.Build.0 = Release|Any CPU
	EndGlobalSection
	GlobalSection(SolutionProperties) = preSolution
		HideSolutionNode = FALSE
	EndGlobalSection
	GlobalSection(ExtensibilityGlobals) = postSolution
		SolutionGuid = {2C4BE236-7AF5-4F94-9B9F-0CE09DB086F2}
	EndGlobalSection
EndGlobal
